// !$*UTF8*$!
{
	archiveVersion = 1;
	classes = {
	};
	objectVersion = 77;
	objects = {

/* Begin PBXBuildFile section */
		02E775C5458845B014E47049 /* CodexTranscriptionService.swift in Sources */ = {isa = PBXBuildFile; fileRef = 3229614FCE1648336B101BB1 /* CodexTranscriptionService.swift */; };
		08A05F52700CE1FB256AFF64 /* CodexAuthService.swift in Sources */ = {isa = PBXBuildFile; fileRef = D2BEB01570D704BD5D727337 /* CodexAuthService.swift */; };
		198323AEF6614D229B40B95E /* DictationHUDController.swift in Sources */ = {isa = PBXBuildFile; fileRef = 83DEC7FE6CBBA4C61FC51A9A /* DictationHUDController.swift */; };
		487A67A8B739C460E74ED6A5 /* SettingsView.swift in Sources */ = {isa = PBXBuildFile; fileRef = 3AAB7B92A5529AC7426AE76E /* SettingsView.swift */; };
		5BA6E5C3BFFECBF386501427 /* AppController.swift in Sources */ = {isa = PBXBuildFile; fileRef = 046A71561AE1597608F38BAB /* AppController.swift */; };
		5FCAC315043F8805A629D0F9 /* StatusItemController.swift in Sources */ = {isa = PBXBuildFile; fileRef = CC79762AD0BFD383088560CC /* StatusItemController.swift */; };
		69F3AFB3EDB9FD14BEE0B2AD /* DebugLogger.swift in Sources */ = {isa = PBXBuildFile; fileRef = BAF471D15D3162DBE5D4DE16 /* DebugLogger.swift */; };
		79602DC4D2F17B1E45511889 /* AudioCaptureService.swift in Sources */ = {isa = PBXBuildFile; fileRef = 7FA4D053C6E1B2EA17A841E5 /* AudioCaptureService.swift */; };
		8985E69C74C772188BA81C51 /* CodexVoiceApp.swift in Sources */ = {isa = PBXBuildFile; fileRef = 7EFE4C6952837C4032D11A8B /* CodexVoiceApp.swift */; };
		B0A8297D6AEC550FCAFA4C9F /* HotkeyMonitor.swift in Sources */ = {isa = PBXBuildFile; fileRef = 1AD6556C3E3B2627D92C3B79 /* HotkeyMonitor.swift */; };
		B542BCBDB98B7D9FA1687450 /* AppDelegate.swift in Sources */ = {isa = PBXBuildFile; fileRef = EFB106A5C43EFF789598DB07 /* AppDelegate.swift */; };
		C4D7DFBB092131A395C903A2 /* PermissionCoordinator.swift in Sources */ = {isa = PBXBuildFile; fileRef = 10EF0C95428B8360626F791E /* PermissionCoordinator.swift */; };
		C50B54C4D812C86CB2E93FDC /* DictationController.swift in Sources */ = {isa = PBXBuildFile; fileRef = FACB80EE4AFAD35045286323 /* DictationController.swift */; };
		C80EE48CC64C3AD2B4EA91F5 /* TextInsertionService.swift in Sources */ = {isa = PBXBuildFile; fileRef = 53FD4ECFE105D8FDF87FADBF /* TextInsertionService.swift */; };
		84B79504FAFF57F17B29EB64 /* PipetModel.swift in Sources */ = {isa = PBXBuildFile; fileRef = 0A449C6F4E2EA2A8AE6524F3 /* PipetModel.swift */; };
		0A5599A1A90BAC6BC4E5DFD6 /* PipetPreferencesView.swift in Sources */ = {isa = PBXBuildFile; fileRef = D615B09DD18BFCCE31C60763 /* PipetPreferencesView.swift */; };
		FE53CD53E5F639ACEAEC03D9 /* PipetSetupView.swift in Sources */ = {isa = PBXBuildFile; fileRef = AA618BAAC22A3A257A668462 /* PipetSetupView.swift */; };
		6BBF088D2938F39B38643A9D /* PipetTheme.swift in Sources */ = {isa = PBXBuildFile; fileRef = 586991A63FA5C98A48814F16 /* PipetTheme.swift */; };
		7A9D8242E522F8B9B6BB1494 /* PipetLogo.png in Resources */ = {isa = PBXBuildFile; fileRef = A1927FD80381775CCF1212B3 /* PipetLogo.png */; };
		EC6D2D62B2B0452CB90DE566 /* Pipet.icns in Resources */ = {isa = PBXBuildFile; fileRef = 7B8C9C10E0D4A27C7C2E5A5D /* Pipet.icns */; };
		F2E65DBEE3F4F759D6DD32C5 /* LICENSE in Resources */ = {isa = PBXBuildFile; fileRef = 543E3AFC6BE37C56D366F049 /* LICENSE */; };
/* End PBXBuildFile section */

/* Begin PBXFileReference section */
		046A71561AE1597608F38BAB /* AppController.swift */ = {isa = PBXFileReference; lastKnownFileType = sourcecode.swift; path = AppController.swift; sourceTree = "<group>"; };
		10EF0C95428B8360626F791E /* PermissionCoordinator.swift */ = {isa = PBXFileReference; lastKnownFileType = sourcecode.swift; path = PermissionCoordinator.swift; sourceTree = "<group>"; };
		1AD6556C3E3B2627D92C3B79 /* HotkeyMonitor.swift */ = {isa = PBXFileReference; lastKnownFileType = sourcecode.swift; path = HotkeyMonitor.swift; sourceTree = "<group>"; };
		3229614FCE1648336B101BB1 /* CodexTranscriptionService.swift */ = {isa = PBXFileReference; lastKnownFileType = sourcecode.swift; path = CodexTranscriptionService.swift; sourceTree = "<group>"; };
		399B399234BE326B4FBB379F /* Info.plist */ = {isa = PBXFileReference; lastKnownFileType = text.plist; path = Info.plist; sourceTree = "<group>"; };
		3AAB7B92A5529AC7426AE76E /* SettingsView.swift */ = {isa = PBXFileReference; lastKnownFileType = sourcecode.swift; path = SettingsView.swift; sourceTree = "<group>"; };
		53FD4ECFE105D8FDF87FADBF /* TextInsertionService.swift */ = {isa = PBXFileReference; lastKnownFileType = sourcecode.swift; path = TextInsertionService.swift; sourceTree = "<group>"; };
		7EFE4C6952837C4032D11A8B /* CodexVoiceApp.swift */ = {isa = PBXFileReference; lastKnownFileType = sourcecode.swift; path = CodexVoiceApp.swift; sourceTree = "<group>"; };
		7FA4D053C6E1B2EA17A841E5 /* AudioCaptureService.swift */ = {isa = PBXFileReference; lastKnownFileType = sourcecode.swift; path = AudioCaptureService.swift; sourceTree = "<group>"; };
		83DEC7FE6CBBA4C61FC51A9A /* DictationHUDController.swift */ = {isa = PBXFileReference; lastKnownFileType = sourcecode.swift; path = DictationHUDController.swift; sourceTree = "<group>"; };
		87FACEEF047E5F10A97E8271 /* CodexVoice.app */ = {isa = PBXFileReference; explicitFileType = wrapper.application; includeInIndex = 0; path = Pipet.app; sourceTree = BUILT_PRODUCTS_DIR; };
		BAF471D15D3162DBE5D4DE16 /* DebugLogger.swift */ = {isa = PBXFileReference; lastKnownFileType = sourcecode.swift; path = DebugLogger.swift; sourceTree = "<group>"; };
		CC79762AD0BFD383088560CC /* StatusItemController.swift */ = {isa = PBXFileReference; lastKnownFileType = sourcecode.swift; path = StatusItemController.swift; sourceTree = "<group>"; };
		D2BEB01570D704BD5D727337 /* CodexAuthService.swift */ = {isa = PBXFileReference; lastKnownFileType = sourcecode.swift; path = CodexAuthService.swift; sourceTree = "<group>"; };
		EFB106A5C43EFF789598DB07 /* AppDelegate.swift */ = {isa = PBXFileReference; lastKnownFileType = sourcecode.swift; path = AppDelegate.swift; sourceTree = "<group>"; };
		FACB80EE4AFAD35045286323 /* DictationController.swift */ = {isa = PBXFileReference; lastKnownFileType = sourcecode.swift; path = DictationController.swift; sourceTree = "<group>"; };
		0A449C6F4E2EA2A8AE6524F3 /* PipetModel.swift */ = {isa = PBXFileReference; lastKnownFileType = sourcecode.swift; path = "CodexVoice/PipetModel.swift"; sourceTree = SOURCE_ROOT; };
		D615B09DD18BFCCE31C60763 /* PipetPreferencesView.swift */ = {isa = PBXFileReference; lastKnownFileType = sourcecode.swift; path = "CodexVoice/PipetPreferencesView.swift"; sourceTree = SOURCE_ROOT; };
		AA618BAAC22A3A257A668462 /* PipetSetupView.swift */ = {isa = PBXFileReference; lastKnownFileType = sourcecode.swift; path = "CodexVoice/PipetSetupView.swift"; sourceTree = SOURCE_ROOT; };
		586991A63FA5C98A48814F16 /* PipetTheme.swift */ = {isa = PBXFileReference; lastKnownFileType = sourcecode.swift; path = "CodexVoice/PipetTheme.swift"; sourceTree = SOURCE_ROOT; };
		A1927FD80381775CCF1212B3 /* PipetLogo.png */ = {isa = PBXFileReference; lastKnownFileType = image.png; path = "assets/PipetLogo.png"; sourceTree = SOURCE_ROOT; };
		7B8C9C10E0D4A27C7C2E5A5D /* Pipet.icns */ = {isa = PBXFileReference; lastKnownFileType = image.icns; path = "assets/Pipet.icns"; sourceTree = SOURCE_ROOT; };
		543E3AFC6BE37C56D366F049 /* LICENSE */ = {isa = PBXFileReference; lastKnownFileType = text; path = "LICENSE"; sourceTree = SOURCE_ROOT; };
/* End PBXFileReference section */

/* Begin PBXGroup section */
		0F2FF4EC4271CB152CB588AA /* CodexVoice */ = {
			isa = PBXGroup;
			children = (
				046A71561AE1597608F38BAB /* AppController.swift */,
				EFB106A5C43EFF789598DB07 /* AppDelegate.swift */,
				7FA4D053C6E1B2EA17A841E5 /* AudioCaptureService.swift */,
				D2BEB01570D704BD5D727337 /* CodexAuthService.swift */,
				3229614FCE1648336B101BB1 /* CodexTranscriptionService.swift */,
				7EFE4C6952837C4032D11A8B /* CodexVoiceApp.swift */,
				BAF471D15D3162DBE5D4DE16 /* DebugLogger.swift */,
				FACB80EE4AFAD35045286323 /* DictationController.swift */,
				83DEC7FE6CBBA4C61FC51A9A /* DictationHUDController.swift */,
				1AD6556C3E3B2627D92C3B79 /* HotkeyMonitor.swift */,
				399B399234BE326B4FBB379F /* Info.plist */,
				10EF0C95428B8360626F791E /* PermissionCoordinator.swift */,
				3AAB7B92A5529AC7426AE76E /* SettingsView.swift */,
				CC79762AD0BFD383088560CC /* StatusItemController.swift */,
				53FD4ECFE105D8FDF87FADBF /* TextInsertionService.swift */,
			);
			path = CodexVoice;
			sourceTree = "<group>";
		};
		6C9D06242DE5084B56419F74 = {
			isa = PBXGroup;
			children = (
				0F2FF4EC4271CB152CB588AA /* CodexVoice */,
				C678D6B82894FD869C2DC71D /* Products */,
				0A449C6F4E2EA2A8AE6524F3 /* PipetModel.swift */,
				D615B09DD18BFCCE31C60763 /* PipetPreferencesView.swift */,
				AA618BAAC22A3A257A668462 /* PipetSetupView.swift */,
				586991A63FA5C98A48814F16 /* PipetTheme.swift */,
				A1927FD80381775CCF1212B3 /* PipetLogo.png */,
				7B8C9C10E0D4A27C7C2E5A5D /* Pipet.icns */,
				543E3AFC6BE37C56D366F049 /* LICENSE */,
			);
			sourceTree = "<group>";
		};
		C678D6B82894FD869C2DC71D /* Products */ = {
			isa = PBXGroup;
			children = (
				87FACEEF047E5F10A97E8271 /* CodexVoice.app */,
			);
			name = Products;
			sourceTree = "<group>";
		};
/* End PBXGroup section */

/* Begin PBXNativeTarget section */
		C4747F45474D470A14630FDC /* CodexVoice */ = {
			isa = PBXNativeTarget;
			buildConfigurationList = 64DA6A4FF86C477C48A7A22A /* Build configuration list for PBXNativeTarget "CodexVoice" */;
			buildPhases = (
				B250C7B97DA9F0A3748E051A /* Sources */,
				AA0000000000000000000001 /* Resources */,
			);
			buildRules = (
			);
			dependencies = (
			);
			name = CodexVoice;
			packageProductDependencies = (
			);
			productName = CodexVoice;
			productReference = 87FACEEF047E5F10A97E8271 /* CodexVoice.app */;
			productType = "com.apple.product-type.application";
		};
/* End PBXNativeTarget section */

/* Begin PBXProject section */
		E9D7B7308B4699BEB341DA42 /* Project object */ = {
			isa = PBXProject;
			attributes = {
				BuildIndependentTargetsInParallel = YES;
				LastUpgradeCheck = 1430;
				TargetAttributes = {
					C4747F45474D470A14630FDC = {
						DevelopmentTeam = "";
						ProvisioningStyle = Automatic;
					};
				};
			};
			buildConfigurationList = 07C63120F9E9D818A111C265 /* Build configuration list for PBXProject "CodexVoice" */;
			compatibilityVersion = "Xcode 14.0";
			developmentRegion = en;
			hasScannedForEncodings = 0;
			knownRegions = (
				Base,
				en,
			);
			mainGroup = 6C9D06242DE5084B56419F74;
			minimizedProjectReferenceProxies = 1;
			preferredProjectObjectVersion = 77;
			projectDirPath = "";
			projectRoot = "";
			targets = (
				C4747F45474D470A14630FDC /* CodexVoice */,
			);
		};
/* End PBXProject section */

/* Begin PBXSourcesBuildPhase section */
		B250C7B97DA9F0A3748E051A /* Sources */ = {
			isa = PBXSourcesBuildPhase;
			buildActionMask = 2147483647;
			files = (
				5BA6E5C3BFFECBF386501427 /* AppController.swift in Sources */,
				B542BCBDB98B7D9FA1687450 /* AppDelegate.swift in Sources */,
				79602DC4D2F17B1E45511889 /* AudioCaptureService.swift in Sources */,
				08A05F52700CE1FB256AFF64 /* CodexAuthService.swift in Sources */,
				02E775C5458845B014E47049 /* CodexTranscriptionService.swift in Sources */,
				8985E69C74C772188BA81C51 /* CodexVoiceApp.swift in Sources */,
				69F3AFB3EDB9FD14BEE0B2AD /* DebugLogger.swift in Sources */,
				C50B54C4D812C86CB2E93FDC /* DictationController.swift in Sources */,
				198323AEF6614D229B40B95E /* DictationHUDController.swift in Sources */,
				B0A8297D6AEC550FCAFA4C9F /* HotkeyMonitor.swift in Sources */,
				C4D7DFBB092131A395C903A2 /* PermissionCoordinator.swift in Sources */,
				487A67A8B739C460E74ED6A5 /* SettingsView.swift in Sources */,
				5FCAC315043F8805A629D0F9 /* StatusItemController.swift in Sources */,
				C80EE48CC64C3AD2B4EA91F5 /* TextInsertionService.swift in Sources */,
				84B79504FAFF57F17B29EB64 /* PipetModel.swift in Sources */,
				0A5599A1A90BAC6BC4E5DFD6 /* PipetPreferencesView.swift in Sources */,
				FE53CD53E5F639ACEAEC03D9 /* PipetSetupView.swift in Sources */,
				6BBF088D2938F39B38643A9D /* PipetTheme.swift in Sources */,
			);
			runOnlyForDeploymentPostprocessing = 0;
		};
/* End PBXSourcesBuildPhase section */

/* Begin PBXResourcesBuildPhase section */
        AA0000000000000000000001 /* Resources */ = {
            isa = PBXResourcesBuildPhase;
            buildActionMask = 2147483647;
            files = (
				7A9D8242E522F8B9B6BB1494 /* PipetLogo.png in Resources */,
				EC6D2D62B2B0452CB90DE566 /* Pipet.icns in Resources */,
				F2E65DBEE3F4F759D6DD32C5 /* LICENSE in Resources */,
            );
            runOnlyForDeploymentPostprocessing = 0;
        };
/* End PBXResourcesBuildPhase section */

/* Begin XCBuildConfiguration section */
		217D548DF5F43C6F2EF7CDDF /* Debug */ = {
			isa = XCBuildConfiguration;
			buildSettings = {
				ASSETCATALOG_COMPILER_APPICON_NAME = "";
				CODE_SIGN_STYLE = Automatic;
				COMBINE_HIDPI_IMAGES = YES;
				DEVELOPMENT_TEAM = "";
				ENABLE_HARDENED_RUNTIME = YES;
				CODE_SIGN_ENTITLEMENTS = CodexVoice/Pipet.entitlements;
				GENERATE_INFOPLIST_FILE = NO;
				INFOPLIST_FILE = CodexVoice/Info.plist;
				LD_RUNPATH_SEARCH_PATHS = (
					"$(inherited)",
					"@executable_path/../Frameworks",
				);
				MACOSX_DEPLOYMENT_TARGET = 14.0;
				PRODUCT_BUNDLE_IDENTIFIER = au.vietbrosinaus.pipet;
				PRODUCT_NAME = Pipet;
				SDKROOT = macosx;
				SUPPORTS_MACCATALYST = NO;
				SWIFT_VERSION = 6.0;
			};
			name = Debug;
		};
		3B7BECAE825C8C8DE506B9A4 /* Release */ = {
			isa = XCBuildConfiguration;
			buildSettings = {
				ASSETCATALOG_COMPILER_APPICON_NAME = "";
				CODE_SIGN_STYLE = Automatic;
				COMBINE_HIDPI_IMAGES = YES;
				DEVELOPMENT_TEAM = "";
				ENABLE_HARDENED_RUNTIME = YES;
				CODE_SIGN_ENTITLEMENTS = CodexVoice/Pipet.entitlements;
				GENERATE_INFOPLIST_FILE = NO;
				INFOPLIST_FILE = CodexVoice/Info.plist;
				LD_RUNPATH_SEARCH_PATHS = (
					"$(inherited)",
					"@executable_path/../Frameworks",
				);
				MACOSX_DEPLOYMENT_TARGET = 14.0;
				PRODUCT_BUNDLE_IDENTIFIER = au.vietbrosinaus.pipet;
				PRODUCT_NAME = Pipet;
				SDKROOT = macosx;
				SUPPORTS_MACCATALYST = NO;
				SWIFT_VERSION = 6.0;
			};
			name = Release;
		};
		BBEED0256BB6EC20D42E121A /* Release */ = {
			isa = XCBuildConfiguration;
			buildSettings = {
				ALWAYS_SEARCH_USER_PATHS = NO;
				CLANG_ANALYZER_NONNULL = YES;
				CLANG_ANALYZER_NUMBER_OBJECT_CONVERSION = YES_AGGRESSIVE;
				CLANG_CXX_LANGUAGE_STANDARD = "gnu++14";
				CLANG_CXX_LIBRARY = "libc++";
				CLANG_ENABLE_MODULES = YES;
				CLANG_ENABLE_OBJC_ARC = YES;
				CLANG_ENABLE_OBJC_WEAK = YES;
				CLANG_WARN_BLOCK_CAPTURE_AUTORELEASING = YES;
				CLANG_WARN_BOOL_CONVERSION = YES;
				CLANG_WARN_COMMA = YES;
				CLANG_WARN_CONSTANT_CONVERSION = YES;
				CLANG_WARN_DEPRECATED_OBJC_IMPLEMENTATIONS = YES;
				CLANG_WARN_DIRECT_OBJC_ISA_USAGE = YES_ERROR;
				CLANG_WARN_DOCUMENTATION_COMMENTS = YES;
				CLANG_WARN_EMPTY_BODY = YES;
				CLANG_WARN_ENUM_CONVERSION = YES;
				CLANG_WARN_INFINITE_RECURSION = YES;
				CLANG_WARN_INT_CONVERSION = YES;
				CLANG_WARN_NON_LITERAL_NULL_CONVERSION = YES;
				CLANG_WARN_OBJC_IMPLICIT_RETAIN_SELF = YES;
				CLANG_WARN_OBJC_LITERAL_CONVERSION = YES;
				CLANG_WARN_OBJC_ROOT_CLASS = YES_ERROR;
				CLANG_WARN_QUOTED_INCLUDE_IN_FRAMEWORK_HEADER = YES;
				CLANG_WARN_RANGE_LOOP_ANALYSIS = YES;
				CLANG_WARN_STRICT_PROTOTYPES = YES;
				CLANG_WARN_SUSPICIOUS_MOVE = YES;
				CLANG_WARN_UNGUARDED_AVAILABILITY = YES_AGGRESSIVE;
				CLANG_WARN_UNREACHABLE_CODE = YES;
				CLANG_WARN__DUPLICATE_METHOD_MATCH = YES;
				COPY_PHASE_STRIP = NO;
				DEBUG_INFORMATION_FORMAT = "dwarf-with-dsym";
				ENABLE_NS_ASSERTIONS = NO;
				ENABLE_STRICT_OBJC_MSGSEND = YES;
				GCC_C_LANGUAGE_STANDARD = gnu11;
				GCC_NO_COMMON_BLOCKS = YES;
				GCC_WARN_64_TO_32_BIT_CONVERSION = YES;
				GCC_WARN_ABOUT_RETURN_TYPE = YES_ERROR;
				GCC_WARN_UNDECLARED_SELECTOR = YES;
				GCC_WARN_UNINITIALIZED_AUTOS = YES_AGGRESSIVE;
				GCC_WARN_UNUSED_FUNCTION = YES;
				GCC_WARN_UNUSED_VARIABLE = YES;
				MTL_ENABLE_DEBUG_INFO = NO;
				MTL_FAST_MATH = YES;
				PRODUCT_NAME = "$(TARGET_NAME)";
				SDKROOT = macosx;
				SWIFT_COMPILATION_MODE = wholemodule;
				SWIFT_OPTIMIZATION_LEVEL = "-O";
				SWIFT_VERSION = 5.0;
			};
			name = Release;
		};
		FEDC3704C94DC101866E7044 /* Debug */ = {
			isa = XCBuildConfiguration;
			buildSettings = {
				ALWAYS_SEARCH_USER_PATHS = NO;
				CLANG_ANALYZER_NONNULL = YES;
				CLANG_ANALYZER_NUMBER_OBJECT_CONVERSION = YES_AGGRESSIVE;
				CLANG_CXX_LANGUAGE_STANDARD = "gnu++14";
				CLANG_CXX_LIBRARY = "libc++";
				CLANG_ENABLE_MODULES = YES;
				CLANG_ENABLE_OBJC_ARC = YES;
				CLANG_ENABLE_OBJC_WEAK = YES;
				CLANG_WARN_BLOCK_CAPTURE_AUTORELEASING = YES;
				CLANG_WARN_BOOL_CONVERSION = YES;
				CLANG_WARN_COMMA = YES;
				CLANG_WARN_CONSTANT_CONVERSION = YES;
				CLANG_WARN_DEPRECATED_OBJC_IMPLEMENTATIONS = YES;
				CLANG_WARN_DIRECT_OBJC_ISA_USAGE = YES_ERROR;
				CLANG_WARN_DOCUMENTATION_COMMENTS = YES;
				CLANG_WARN_EMPTY_BODY = YES;
				CLANG_WARN_ENUM_CONVERSION = YES;
				CLANG_WARN_INFINITE_RECURSION = YES;
				CLANG_WARN_INT_CONVERSION = YES;
				CLANG_WARN_NON_LITERAL_NULL_CONVERSION = YES;
				CLANG_WARN_OBJC_IMPLICIT_RETAIN_SELF = YES;
				CLANG_WARN_OBJC_LITERAL_CONVERSION = YES;
				CLANG_WARN_OBJC_ROOT_CLASS = YES_ERROR;
				CLANG_WARN_QUOTED_INCLUDE_IN_FRAMEWORK_HEADER = YES;
				CLANG_WARN_RANGE_LOOP_ANALYSIS = YES;
				CLANG_WARN_STRICT_PROTOTYPES = YES;
				CLANG_WARN_SUSPICIOUS_MOVE = YES;
				CLANG_WARN_UNGUARDED_AVAILABILITY = YES_AGGRESSIVE;
				CLANG_WARN_UNREACHABLE_CODE = YES;
				CLANG_WARN__DUPLICATE_METHOD_MATCH = YES;
				COPY_PHASE_STRIP = NO;
				DEBUG_INFORMATION_FORMAT = dwarf;
				ENABLE_STRICT_OBJC_MSGSEND = YES;
				ENABLE_TESTABILITY = YES;
				GCC_C_LANGUAGE_STANDARD = gnu11;
				GCC_DYNAMIC_NO_PIC = NO;
				GCC_NO_COMMON_BLOCKS = YES;
				GCC_OPTIMIZATION_LEVEL = 0;
				GCC_PREPROCESSOR_DEFINITIONS = (
					"$(inherited)",
					"DEBUG=1",
				);
				GCC_WARN_64_TO_32_BIT_CONVERSION = YES;
				GCC_WARN_ABOUT_RETURN_TYPE = YES_ERROR;
				GCC_WARN_UNDECLARED_SELECTOR = YES;
				GCC_WARN_UNINITIALIZED_AUTOS = YES_AGGRESSIVE;
				GCC_WARN_UNUSED_FUNCTION = YES;
				GCC_WARN_UNUSED_VARIABLE = YES;
				MTL_ENABLE_DEBUG_INFO = INCLUDE_SOURCE;
				MTL_FAST_MATH = YES;
				ONLY_ACTIVE_ARCH = YES;
				PRODUCT_NAME = "$(TARGET_NAME)";
				SDKROOT = macosx;
				SWIFT_ACTIVE_COMPILATION_CONDITIONS = DEBUG;
				SWIFT_OPTIMIZATION_LEVEL = "-Onone";
				SWIFT_VERSION = 5.0;
			};
			name = Debug;
		};
/* End XCBuildConfiguration section */

/* Begin XCConfigurationList section */
		07C63120F9E9D818A111C265 /* Build configuration list for PBXProject "CodexVoice" */ = {
			isa = XCConfigurationList;
			buildConfigurations = (
				FEDC3704C94DC101866E7044 /* Debug */,
				BBEED0256BB6EC20D42E121A /* Release */,
			);
			defaultConfigurationIsVisible = 0;
			defaultConfigurationName = Debug;
		};
		64DA6A4FF86C477C48A7A22A /* Build configuration list for PBXNativeTarget "CodexVoice" */ = {
			isa = XCConfigurationList;
			buildConfigurations = (
				217D548DF5F43C6F2EF7CDDF /* Debug */,
				3B7BECAE825C8C8DE506B9A4 /* Release */,
			);
			defaultConfigurationIsVisible = 0;
			defaultConfigurationName = Debug;
		};
/* End XCConfigurationList section */
	};
	rootObject = E9D7B7308B4699BEB341DA42 /* Project object */;
}
